
Microsoft Visual Studio Solution File, Format Version 12.00
# Visual Studio 15
VisualStudioVersion = 15.0.27703.2026
MinimumVisualStudioVersion = 10.0.40219.1
Project("{FAE04EC0-301F-11D3-BF4B-00C04F79EFBC}") = "CfgCodeMaker", "CfgCodeMaker\CfgCodeMaker.csproj", "{787A1C5A-6E93-4209-9975-E97338230D7E}"
EndProject
Global
	GlobalSection(SolutionConfigurationPlatforms) = preSolution
		Debug|Any CPU = Debug|Any CPU
		Release|Any CPU = Release|Any CPU
	EndGlobalSection
	GlobalSection(ProjectConfigurationPlatforms) = postSolution
		{787A1C5A-6E93-4209-9975-E97338230D7E}.Debug|Any CPU.ActiveCfg = Debug|Any CPU
		{787A1C5A-6E93-4209-9975-E97338230D7E}.Debug|Any CPU.Build.0 = Debug|Any CPU
		{787A1C5A-6E93-4209-9975-E97338230D7E}.Release|Any CPU.ActiveCfg = Release|Any CPU
		{787A1C5A-6E93-4209-9975-E97338230D7E}.Release|Any CPU.Build.0 = Release|Any CPU
	EndGlobalSection
	GlobalSection(SolutionProperties) = preSolution
		HideSolutionNode = FALSE
	EndGlobalSection
	GlobalSection(ExtensibilityGlobals) = postSolution
		SolutionGuid = {61729222-D4F2-4990-9BBE-A52DC868F6B7}
	EndGlobalSection
EndGlobal
